
Microsoft Visual Studio Solution File, Format Version 12.00
# Visual Studio Version 16
VisualStudioVersion = 16.0.29920.165
MinimumVisualStudioVersion = 10.0.40219.1
Project("{FAE04EC0-301F-11D3-BF4B-00C04F79EFBC}") = "azureOCR", "azureOCR\azureOCR.csproj", "{3749B36F-AB0D-4503-A1A2-7228A788B553}"
EndProject
Global
	GlobalSection(SolutionConfigurationPlatforms) = preSolution
		Debug|Any CPU = Debug|Any CPU
		Release|Any CPU = Release|Any CPU
	EndGlobalSection
	GlobalSection(ProjectConfigurationPlatforms) = postSolution
		{3749B36F-AB0D-4503-A1A2-7228A788B553}.Debug|Any CPU.ActiveCfg = Debug|Any CPU
		{3749B36F-AB0D-4503-A1A2-7228A788B553}.Debug|Any CPU.Build.0 = Debug|Any CPU
		{3749B36F-AB0D-4503-A1A2-7228A788B553}.Release|Any CPU.ActiveCfg = Release|Any CPU
		{3749B36F-AB0D-4503-A1A2-7228A788B553}.Release|Any CPU.Build.0 = Release|Any CPU
	EndGlobalSection
	GlobalSection(SolutionProperties) = preSolution
		HideSolutionNode = FALSE
	EndGlobalSection
	GlobalSection(ExtensibilityGlobals) = postSolution
		SolutionGuid = {9E230025-AF79-4EFF-AF51-B7FE96F95276}
	EndGlobalSection
EndGlobal
